PODS:
  - AWSAuthCore (2.6.14):
    - AWSCore (= 2.6.14)
  - AWSCognito (2.6.14):
    - AWSCore (= 2.6.14)
  - AWSCore (2.6.14)
  - AWSMobileClient (2.6.14):
    - AWSAuthCore (= 2.6.14)
  - AWSS3 (2.6.14):
    - AWSCore (= 2.6.14)
  - GoogleToolboxForMac/Defines (2.1.0)
  - GoogleToolboxForMac/Logger (2.1.0):
    - GoogleToolboxForMac/Defines (= 2.1.0)
  - GTMSessionFetcher/Core (1.1.6)
  - GVRSDK (1.120.0):
    - GoogleToolboxForMac/Logger (= 2.1.0)
    - GTMSessionFetcher/Core (= 1.1.6)

DEPENDENCIES:
  - AWSCognito (~> 2.6.13)
  - AWSMobileClient (~> 2.6.13)
  - AWSS3 (~> 2.6.13)
  - GVRSDK

SPEC REPOS:
  https://github.com/CocoaPods/Specs.git:
    - AWSAuthCore
    - AWSCognito
    - AWSCore
    - AWSMobileClient
    - AWSS3
    - GoogleToolboxForMac
    - GTMSessionFetcher
    - GVRSDK

SPEC CHECKSUMS:
  AWSAuthCore: b13b0cb87abac6d44c52d8b965bbdb4cd0842017
  AWSCognito: 12fcffc5751f65a39a65dbb9ab413134fd580cfb
  AWSCore: 8c883c2623d314dd82cca3809527784e1d1a02e5
  AWSMobileClient: 4467dd19e5e50d9a115b37e7be3ffb689c0b285c
  AWSS3: a8cf89448c74637e34c46839ce5b5f7850f206e6
  GoogleToolboxForMac: 2b2596cbb7186865e98cadf2b1e262d851c2b168
  GTMSessionFetcher: 6aacd0ab48ddf0c3633ab2642d792abfcad1b08a
  GVRSDK: 0cb9d0ce06a84d698e61e3db9509766022dcf815

PODFILE CHECKSUM: e7054dd0fc14b5f0c58a359a683c33a20e7f1867

COCOAPODS: 1.5.0
