PODS:
  - AWSAuthCore (2.6.16):
    - AWSCore (= 2.6.16)
  - AWSCognito (2.6.16):
    - AWSCore (= 2.6.16)
  - AWSCore (2.6.16)
  - AWSDynamoDB (2.6.16):
    - AWSCore (= 2.6.16)
  - AWSMobileClient (2.6.16):
    - AWSAuthCore (= 2.6.16)
  - AWSS3 (2.6.16):
    - AWSCore (= 2.6.16)
  - GoogleToolboxForMac/Defines (2.1.0)
  - GoogleToolboxForMac/Logger (2.1.0):
    - GoogleToolboxForMac/Defines (= 2.1.0)
  - GTMSessionFetcher/Core (1.1.6)
  - GVRSDK (1.120.0):
    - GoogleToolboxForMac/Logger (= 2.1.0)
    - GTMSessionFetcher/Core (= 1.1.6)

DEPENDENCIES:
  - AWSCognito (~> 2.6.13)
  - AWSDynamoDB (~> 2.6.13)
  - AWSMobileClient (~> 2.6.13)
  - AWSS3 (~> 2.6.13)
  - GVRSDK

SPEC REPOS:
  https://github.com/CocoaPods/Specs.git:
    - AWSAuthCore
    - AWSCognito
    - AWSCore
    - AWSDynamoDB
    - AWSMobileClient
    - AWSS3
    - GoogleToolboxForMac
    - GTMSessionFetcher
    - GVRSDK

SPEC CHECKSUMS:
  AWSAuthCore: d0f6fcbe8957c3dc5f67ce4ac198cc1f2696ee17
  AWSCognito: 459ff17ab8aea9a19d57f2c9051cd124e10ef90d
  AWSCore: 314df68684e338310409c6a3b050e28932deb6ff
  AWSDynamoDB: aa8b7cd8510080e22d9aa2a282077bb295fdb741
  AWSMobileClient: 04b2a1665c3535a47b60a44c9f28e5211139baf3
  AWSS3: 218b24bc68387f0c715fd37168f9db6cbec9d0a7
  GoogleToolboxForMac: 2b2596cbb7186865e98cadf2b1e262d851c2b168
  GTMSessionFetcher: 6aacd0ab48ddf0c3633ab2642d792abfcad1b08a
  GVRSDK: 0cb9d0ce06a84d698e61e3db9509766022dcf815

PODFILE CHECKSUM: 1d0c67a54569eb1537a7c32e928eb38f5da951e7

COCOAPODS: 1.5.0
